
Microsoft Visual Studio Solution File, Format Version 12.00
# Visual Studio 14
VisualStudioVersion = 14.0.25420.1
MinimumVisualStudioVersion = 10.0.40219.1
Project("{54435603-DBB4-11D2-8724-00A0C9A8B90C}") = "Instalacion Visor Imagenes", "Instalacion Visor Imagenes\Instalacion Visor Imagenes.vdproj", "{4072170C-0E05-4EC3-9386-21DDDA9FF218}"
EndProject
Global
	GlobalSection(SolutionConfigurationPlatforms) = preSolution
		Debug|Default = Debug|Default
		Release|Default = Release|Default
	EndGlobalSection
	GlobalSection(ProjectConfigurationPlatforms) = postSolution
		{4072170C-0E05-4EC3-9386-21DDDA9FF218}.Debug|Default.ActiveCfg = Debug
		{4072170C-0E05-4EC3-9386-21DDDA9FF218}.Debug|Default.Build.0 = Debug
		{4072170C-0E05-4EC3-9386-21DDDA9FF218}.Release|Default.ActiveCfg = Release
		{4072170C-0E05-4EC3-9386-21DDDA9FF218}.Release|Default.Build.0 = Release
	EndGlobalSection
	GlobalSection(SolutionProperties) = preSolution
		HideSolutionNode = FALSE
	EndGlobalSection
EndGlobal
